// !$*UTF8*$!
{
	archiveVersion = 1;
	classes = {
	};
	objectVersion = 56;
	objects = {

/* Begin PBXBuildFile section */
		66CF5F37C49A4254E17604C9 /* Pods_iosApp.framework in Frameworks */ = {isa = PBXBuildFile; fileRef = 10E4B4A3A0594F1BDA4EA763 /* Pods_iosApp.framework */; };
		A93A953B29CC810C00F8E227 /* iosApp.swift in Sources */ = {isa = PBXBuildFile; fileRef = A93A953A29CC810C00F8E227 /* iosApp.swift */; };
		A93A953F29CC810D00F8E227 /* Assets.xcassets in Resources */ = {isa = PBXBuildFile; fileRef = A93A953E29CC810D00F8E227 /* Assets.xcassets */; };
		A93A954229CC810D00F8E227 /* Preview Assets.xcassets in Resources */ = {isa = PBXBuildFile; fileRef = A93A954129CC810D00F8E227 /* Preview Assets.xcassets */; };
		B1B100012E10000100000001 /* InfoPlist.strings in Resources */ = {isa = PBXBuildFile; fileRef = B1B100042E10000100000001 /* InfoPlist.strings */; };
		B1B210012E20000100000001 /* IOSImageSourceHost.swift in Sources */ = {isa = PBXBuildFile; fileRef = B1B200012E20000100000001 /* IOSImageSourceHost.swift */; };
		B1B210022E20000100000001 /* IOSTextRecognitionHost.swift in Sources */ = {isa = PBXBuildFile; fileRef = B1B200022E20000100000001 /* IOSTextRecognitionHost.swift */; };
		B1B210032E20000100000001 /* IOSCrashReportingHost.swift in Sources */ = {isa = PBXBuildFile; fileRef = B1B200032E20000100000001 /* IOSCrashReportingHost.swift */; };
		B1B210042E20000100000001 /* IOSPlatformComposition.swift in Sources */ = {isa = PBXBuildFile; fileRef = B1B200042E20000100000001 /* IOSPlatformComposition.swift */; };
		C0DE10010000000000000001 /* BoxSorter.swift in Sources */ = {isa = PBXBuildFile; fileRef = C0DE00010000000000000001 /* BoxSorter.swift */; };
		C0DE10020000000000000002 /* CTCDecoder.swift in Sources */ = {isa = PBXBuildFile; fileRef = C0DE00020000000000000002 /* CTCDecoder.swift */; };
		C0DE10030000000000000003 /* DBPostProcess.swift in Sources */ = {isa = PBXBuildFile; fileRef = C0DE00030000000000000003 /* DBPostProcess.swift */; };
		C0DE10040000000000000004 /* DetectionEngine.swift in Sources */ = {isa = PBXBuildFile; fileRef = C0DE00040000000000000004 /* DetectionEngine.swift */; };
		C0DE10050000000000000005 /* InferenceConfig.swift in Sources */ = {isa = PBXBuildFile; fileRef = C0DE00050000000000000005 /* InferenceConfig.swift */; };
		C0DE10060000000000000006 /* ModelConfig.swift in Sources */ = {isa = PBXBuildFile; fileRef = C0DE00060000000000000006 /* ModelConfig.swift */; };
		C0DE10070000000000000007 /* OCREngine.swift in Sources */ = {isa = PBXBuildFile; fileRef = C0DE00070000000000000007 /* OCREngine.swift */; };
		C0DE10080000000000000008 /* OCRParameterResolver.swift in Sources */ = {isa = PBXBuildFile; fileRef = C0DE00080000000000000008 /* OCRParameterResolver.swift */; };
		C0DE10090000000000000009 /* ORTSessionManager.swift in Sources */ = {isa = PBXBuildFile; fileRef = C0DE00090000000000000009 /* ORTSessionManager.swift */; };
		C0DE10100000000000000010 /* Preprocessing.swift in Sources */ = {isa = PBXBuildFile; fileRef = C0DE00100000000000000010 /* Preprocessing.swift */; };
		C0DE10110000000000000011 /* QuadTextCrop.swift in Sources */ = {isa = PBXBuildFile; fileRef = C0DE00110000000000000011 /* QuadTextCrop.swift */; };
		C0DE10120000000000000012 /* RecognitionEngine.swift in Sources */ = {isa = PBXBuildFile; fileRef = C0DE00120000000000000012 /* RecognitionEngine.swift */; };
		C0DE10130000000000000013 /* RecPreprocessor.swift in Sources */ = {isa = PBXBuildFile; fileRef = C0DE00130000000000000013 /* RecPreprocessor.swift */; };
		C0DE10140000000000000014 /* OpenCVDBBridge.mm in Sources */ = {isa = PBXBuildFile; fileRef = C0DE00140000000000000014 /* OpenCVDBBridge.mm */; };
		C0DE10150000000000000015 /* OpenCVImageBridge.mm in Sources */ = {isa = PBXBuildFile; fileRef = C0DE00150000000000000015 /* OpenCVImageBridge.mm */; };
		C0DE10160000000000000016 /* PDBPolygonOffsetBridge.mm in Sources */ = {isa = PBXBuildFile; fileRef = C0DE00160000000000000016 /* PDBPolygonOffsetBridge.mm */; };
		C0DE10170000000000000017 /* clipper.cpp in Sources */ = {isa = PBXBuildFile; fileRef = C0DE00170000000000000017 /* clipper.cpp */; };
		C0DE10180000000000000018 /* Models in Resources */ = {isa = PBXBuildFile; fileRef = C0DE00180000000000000018 /* Models */; };
		C0DF10010000000000000001 /* PaddleOCRQualificationTests.swift in Sources */ = {isa = PBXBuildFile; fileRef = C0DF00010000000000000001 /* PaddleOCRQualificationTests.swift */; };
		C0DF10020000000000000002 /* cyrillic_e27_clean.png in Resources */ = {isa = PBXBuildFile; fileRef = C0DF00020000000000000002 /* cyrillic_e27_clean.png */; };
/* End PBXBuildFile section */

/* Begin PBXContainerItemProxy section */
		C0DF30010000000000000001 /* PBXContainerItemProxy */ = {
			isa = PBXContainerItemProxy;
			containerPortal = A93A952F29CC810C00F8E227 /* Project object */;
			proxyType = 1;
			remoteGlobalIDString = A93A953629CC810C00F8E227;
			remoteInfo = iosApp;
		};
/* End PBXContainerItemProxy section */

/* Begin PBXFileReference section */
		10E4B4A3A0594F1BDA4EA763 /* Pods_iosApp.framework */ = {isa = PBXFileReference; explicitFileType = wrapper.framework; includeInIndex = 0; path = Pods_iosApp.framework; sourceTree = BUILT_PRODUCTS_DIR; };
		A93A953729CC810C00F8E227 /* BulbMatch.app */ = {isa = PBXFileReference; explicitFileType = wrapper.application; includeInIndex = 0; path = BulbMatch.app; sourceTree = BUILT_PRODUCTS_DIR; };
		A93A953A29CC810C00F8E227 /* iosApp.swift */ = {isa = PBXFileReference; lastKnownFileType = sourcecode.swift; path = iosApp.swift; sourceTree = "<group>"; };
		A93A953E29CC810D00F8E227 /* Assets.xcassets */ = {isa = PBXFileReference; lastKnownFileType = folder.assetcatalog; path = Assets.xcassets; sourceTree = "<group>"; };
		A93A954129CC810D00F8E227 /* Preview Assets.xcassets */ = {isa = PBXFileReference; lastKnownFileType = folder.assetcatalog; path = "Preview Assets.xcassets"; sourceTree = "<group>"; };
		B1B100022E10000100000001 /* en */ = {isa = PBXFileReference; lastKnownFileType = text.plist.strings; name = en; path = en.lproj/InfoPlist.strings; sourceTree = "<group>"; };
		B1B100032E10000100000001 /* ru */ = {isa = PBXFileReference; lastKnownFileType = text.plist.strings; name = ru; path = ru.lproj/InfoPlist.strings; sourceTree = "<group>"; };
		B1B200012E20000100000001 /* IOSImageSourceHost.swift */ = {isa = PBXFileReference; lastKnownFileType = sourcecode.swift; path = IOSImageSourceHost.swift; sourceTree = "<group>"; };
		B1B200022E20000100000001 /* IOSTextRecognitionHost.swift */ = {isa = PBXFileReference; lastKnownFileType = sourcecode.swift; path = IOSTextRecognitionHost.swift; sourceTree = "<group>"; };
		B1B200032E20000100000001 /* IOSCrashReportingHost.swift */ = {isa = PBXFileReference; lastKnownFileType = sourcecode.swift; path = IOSCrashReportingHost.swift; sourceTree = "<group>"; };
		B1B200042E20000100000001 /* IOSPlatformComposition.swift */ = {isa = PBXFileReference; lastKnownFileType = sourcecode.swift; path = IOSPlatformComposition.swift; sourceTree = "<group>"; };
		C0DE00010000000000000001 /* BoxSorter.swift */ = {isa = PBXFileReference; lastKnownFileType = sourcecode.swift; path = BoxSorter.swift; sourceTree = "<group>"; };
		C0DE00020000000000000002 /* CTCDecoder.swift */ = {isa = PBXFileReference; lastKnownFileType = sourcecode.swift; path = CTCDecoder.swift; sourceTree = "<group>"; };
		C0DE00030000000000000003 /* DBPostProcess.swift */ = {isa = PBXFileReference; lastKnownFileType = sourcecode.swift; path = DBPostProcess.swift; sourceTree = "<group>"; };
		C0DE00040000000000000004 /* DetectionEngine.swift */ = {isa = PBXFileReference; lastKnownFileType = sourcecode.swift; path = DetectionEngine.swift; sourceTree = "<group>"; };
		C0DE00050000000000000005 /* InferenceConfig.swift */ = {isa = PBXFileReference; lastKnownFileType = sourcecode.swift; path = InferenceConfig.swift; sourceTree = "<group>"; };
		C0DE00060000000000000006 /* ModelConfig.swift */ = {isa = PBXFileReference; lastKnownFileType = sourcecode.swift; path = ModelConfig.swift; sourceTree = "<group>"; };
		C0DE00070000000000000007 /* OCREngine.swift */ = {isa = PBXFileReference; lastKnownFileType = sourcecode.swift; path = OCREngine.swift; sourceTree = "<group>"; };
		C0DE00080000000000000008 /* OCRParameterResolver.swift */ = {isa = PBXFileReference; lastKnownFileType = sourcecode.swift; path = OCRParameterResolver.swift; sourceTree = "<group>"; };
		C0DE00090000000000000009 /* ORTSessionManager.swift */ = {isa = PBXFileReference; lastKnownFileType = sourcecode.swift; path = ORTSessionManager.swift; sourceTree = "<group>"; };
		C0DE00100000000000000010 /* Preprocessing.swift */ = {isa = PBXFileReference; lastKnownFileType = sourcecode.swift; path = Preprocessing.swift; sourceTree = "<group>"; };
		C0DE00110000000000000011 /* QuadTextCrop.swift */ = {isa = PBXFileReference; lastKnownFileType = sourcecode.swift; path = QuadTextCrop.swift; sourceTree = "<group>"; };
		C0DE00120000000000000012 /* RecognitionEngine.swift */ = {isa = PBXFileReference; lastKnownFileType = sourcecode.swift; path = RecognitionEngine.swift; sourceTree = "<group>"; };
		C0DE00130000000000000013 /* RecPreprocessor.swift */ = {isa = PBXFileReference; lastKnownFileType = sourcecode.swift; path = RecPreprocessor.swift; sourceTree = "<group>"; };
		C0DE00140000000000000014 /* OpenCVDBBridge.mm */ = {isa = PBXFileReference; lastKnownFileType = sourcecode.cpp.objcpp; path = OpenCVDBBridge.mm; sourceTree = "<group>"; };
		C0DE00150000000000000015 /* OpenCVImageBridge.mm */ = {isa = PBXFileReference; lastKnownFileType = sourcecode.cpp.objcpp; path = OpenCVImageBridge.mm; sourceTree = "<group>"; };
		C0DE00160000000000000016 /* PDBPolygonOffsetBridge.mm */ = {isa = PBXFileReference; lastKnownFileType = sourcecode.cpp.objcpp; path = PDBPolygonOffsetBridge.mm; sourceTree = "<group>"; };
		C0DE00170000000000000017 /* clipper.cpp */ = {isa = PBXFileReference; lastKnownFileType = sourcecode.cpp.cpp; path = Clipper1/clipper.cpp; sourceTree = "<group>"; };
		C0DE00180000000000000018 /* Models */ = {isa = PBXFileReference; lastKnownFileType = folder; name = Models; path = ../shared/platform/src/androidMain/assets/Models; sourceTree = SOURCE_ROOT; };
		C0DE00190000000000000019 /* BulbMatch-PaddleOCR-Bridging-Header.h */ = {isa = PBXFileReference; lastKnownFileType = sourcecode.c.h; path = "BulbMatch-PaddleOCR-Bridging-Header.h"; sourceTree = "<group>"; };
		C0DE00200000000000000020 /* OpenCVDBBridge.h */ = {isa = PBXFileReference; lastKnownFileType = sourcecode.c.h; path = OpenCVDBBridge.h; sourceTree = "<group>"; };
		C0DE00210000000000000021 /* OpenCVImageBridge.h */ = {isa = PBXFileReference; lastKnownFileType = sourcecode.c.h; path = OpenCVImageBridge.h; sourceTree = "<group>"; };
		C0DE00220000000000000022 /* PDBPolygonOffsetBridge.h */ = {isa = PBXFileReference; lastKnownFileType = sourcecode.c.h; path = PDBPolygonOffsetBridge.h; sourceTree = "<group>"; };
		C0DE00230000000000000023 /* clipper.hpp */ = {isa = PBXFileReference; lastKnownFileType = sourcecode.cpp.h; path = Clipper1/clipper.hpp; sourceTree = "<group>"; };
		C0DE00240000000000000024 /* Clipper LICENSE */ = {isa = PBXFileReference; lastKnownFileType = text; path = Clipper1/LICENSE; sourceTree = "<group>"; };
		C0DF00010000000000000001 /* PaddleOCRQualificationTests.swift */ = {isa = PBXFileReference; lastKnownFileType = sourcecode.swift; path = PaddleOCRQualificationTests.swift; sourceTree = "<group>"; };
		C0DF00020000000000000002 /* cyrillic_e27_clean.png */ = {isa = PBXFileReference; lastKnownFileType = image.png; path = Fixtures/cyrillic_e27_clean.png; sourceTree = "<group>"; };
		C0DF00030000000000000003 /* iosAppTests.xctest */ = {isa = PBXFileReference; explicitFileType = wrapper.cfbundle; includeInIndex = 0; path = iosAppTests.xctest; sourceTree = BUILT_PRODUCTS_DIR; };
		E88F3598A2FFB5A59560A11B /* Pods-iosApp.release.xcconfig */ = {isa = PBXFileReference; includeInIndex = 1; lastKnownFileType = text.xcconfig; name = "Pods-iosApp.release.xcconfig"; path = "Target Support Files/Pods-iosApp/Pods-iosApp.release.xcconfig"; sourceTree = "<group>"; };
		EE96BD75839DDF64CF3419E0 /* Pods-iosApp.debug.xcconfig */ = {isa = PBXFileReference; includeInIndex = 1; lastKnownFileType = text.xcconfig; name = "Pods-iosApp.debug.xcconfig"; path = "Target Support Files/Pods-iosApp/Pods-iosApp.debug.xcconfig"; sourceTree = "<group>"; };
/* End PBXFileReference section */

/* Begin PBXFrameworksBuildPhase section */
		A93A953429CC810C00F8E227 /* Frameworks */ = {
			isa = PBXFrameworksBuildPhase;
			buildActionMask = 2147483647;
			files = (
				66CF5F37C49A4254E17604C9 /* Pods_iosApp.framework in Frameworks */,
			);
			runOnlyForDeploymentPostprocessing = 0;
		};
		C0DF50020000000000000002 /* Frameworks */ = {
			isa = PBXFrameworksBuildPhase;
			buildActionMask = 2147483647;
			files = (
			);
			runOnlyForDeploymentPostprocessing = 0;
		};
/* End PBXFrameworksBuildPhase section */

/* Begin PBXGroup section */
		9310B6E6AAA47BAD66C2C5FC /* Pods */ = {
			isa = PBXGroup;
			children = (
				EE96BD75839DDF64CF3419E0 /* Pods-iosApp.debug.xcconfig */,
				E88F3598A2FFB5A59560A11B /* Pods-iosApp.release.xcconfig */,
			);
			name = Pods;
			path = Pods;
			sourceTree = "<group>";
		};
		A93A952E29CC810C00F8E227 = {
			isa = PBXGroup;
			children = (
				A93A953929CC810C00F8E227 /* iosApp */,
				C0DF20010000000000000001 /* iosAppTests */,
				A93A953829CC810C00F8E227 /* Products */,
				C4127409AE3703430489E7BC /* Frameworks */,
				9310B6E6AAA47BAD66C2C5FC /* Pods */,
			);
			sourceTree = "<group>";
		};
		A93A953829CC810C00F8E227 /* Products */ = {
			isa = PBXGroup;
			children = (
				A93A953729CC810C00F8E227 /* BulbMatch.app */,
				C0DF00030000000000000003 /* iosAppTests.xctest */,
			);
			name = Products;
			sourceTree = "<group>";
		};
		A93A953929CC810C00F8E227 /* iosApp */ = {
			isa = PBXGroup;
			children = (
				A93A953A29CC810C00F8E227 /* iosApp.swift */,
				B1B220012E20000100000001 /* platform */,
				C0DE00180000000000000018 /* Models */,
				A93A953E29CC810D00F8E227 /* Assets.xcassets */,
				B1B100042E10000100000001 /* InfoPlist.strings */,
				A93A954029CC810D00F8E227 /* Preview Content */,
			);
			path = iosApp;
			sourceTree = "<group>";
		};
		B1B220012E20000100000001 /* platform */ = {
			isa = PBXGroup;
			children = (
				B1B200012E20000100000001 /* IOSImageSourceHost.swift */,
				B1B200022E20000100000001 /* IOSTextRecognitionHost.swift */,
				B1B200032E20000100000001 /* IOSCrashReportingHost.swift */,
				B1B200042E20000100000001 /* IOSPlatformComposition.swift */,
				C0DE20010000000000000001 /* PaddleOCR */,
			);
			path = platform;
			sourceTree = "<group>";
		};
		C0DE20010000000000000001 /* PaddleOCR */ = {
			isa = PBXGroup;
			children = (
				C0DE00010000000000000001 /* BoxSorter.swift */,
				C0DE00020000000000000002 /* CTCDecoder.swift */,
				C0DE00030000000000000003 /* DBPostProcess.swift */,
				C0DE00040000000000000004 /* DetectionEngine.swift */,
				C0DE00050000000000000005 /* InferenceConfig.swift */,
				C0DE00060000000000000006 /* ModelConfig.swift */,
				C0DE00070000000000000007 /* OCREngine.swift */,
				C0DE00080000000000000008 /* OCRParameterResolver.swift */,
				C0DE00090000000000000009 /* ORTSessionManager.swift */,
				C0DE00100000000000000010 /* Preprocessing.swift */,
				C0DE00110000000000000011 /* QuadTextCrop.swift */,
				C0DE00120000000000000012 /* RecognitionEngine.swift */,
				C0DE00130000000000000013 /* RecPreprocessor.swift */,
				C0DE00140000000000000014 /* OpenCVDBBridge.mm */,
				C0DE00150000000000000015 /* OpenCVImageBridge.mm */,
				C0DE00160000000000000016 /* PDBPolygonOffsetBridge.mm */,
				C0DE00170000000000000017 /* clipper.cpp */,
				C0DE00190000000000000019 /* BulbMatch-PaddleOCR-Bridging-Header.h */,
				C0DE00200000000000000020 /* OpenCVDBBridge.h */,
				C0DE00210000000000000021 /* OpenCVImageBridge.h */,
				C0DE00220000000000000022 /* PDBPolygonOffsetBridge.h */,
				C0DE00230000000000000023 /* clipper.hpp */,
				C0DE00240000000000000024 /* Clipper LICENSE */,
			);
			path = PaddleOCR;
			sourceTree = "<group>";
		};
		C0DF20010000000000000001 /* iosAppTests */ = {
			isa = PBXGroup;
			children = (
				C0DF00010000000000000001 /* PaddleOCRQualificationTests.swift */,
				C0DF00020000000000000002 /* cyrillic_e27_clean.png */,
			);
			path = iosAppTests;
			sourceTree = "<group>";
		};
		A93A954029CC810D00F8E227 /* Preview Content */ = {
			isa = PBXGroup;
			children = (
				A93A954129CC810D00F8E227 /* Preview Assets.xcassets */,
			);
			path = "Preview Content";
			sourceTree = "<group>";
		};
		C4127409AE3703430489E7BC /* Frameworks */ = {
			isa = PBXGroup;
			children = (
				10E4B4A3A0594F1BDA4EA763 /* Pods_iosApp.framework */,
			);
			name = Frameworks;
			sourceTree = "<group>";
		};
/* End PBXGroup section */

/* Begin PBXNativeTarget section */
		A93A953629CC810C00F8E227 /* iosApp */ = {
			isa = PBXNativeTarget;
			buildConfigurationList = A93A954529CC810D00F8E227 /* Build configuration list for PBXNativeTarget "iosApp" */;
			buildPhases = (
				DE2333FC86CF05EF566A9D00 /* [CP] Check Pods Manifest.lock */,
				A9D80A052AAB5CDE006C8738 /* ShellScript */,
				A93A953329CC810C00F8E227 /* Sources */,
				A93A953429CC810C00F8E227 /* Frameworks */,
				A93A953529CC810C00F8E227 /* Resources */,
				A45F0C67A19F9118B9B5375E /* [CP] Copy Pods Resources */,
				B1B230012E20000100000001 /* Upload Crashlytics Symbols */,
			);
			buildRules = (
			);
			dependencies = (
			);
			name = iosApp;
			productName = iosApp;
			productReference = A93A953729CC810C00F8E227 /* BulbMatch.app */;
			productType = "com.apple.product-type.application";
		};
		C0DF40010000000000000001 /* iosAppTests */ = {
			isa = PBXNativeTarget;
			buildConfigurationList = C0DF70010000000000000001 /* Build configuration list for PBXNativeTarget "iosAppTests" */;
			buildPhases = (
				C0DF50010000000000000001 /* Sources */,
				C0DF50020000000000000002 /* Frameworks */,
				C0DF50030000000000000003 /* Resources */,
			);
			buildRules = (
			);
			dependencies = (
				C0DF30020000000000000002 /* PBXTargetDependency */,
			);
			name = iosAppTests;
			productName = iosAppTests;
			productReference = C0DF00030000000000000003 /* iosAppTests.xctest */;
			productType = "com.apple.product-type.bundle.unit-test";
		};
/* End PBXNativeTarget section */

/* Begin PBXProject section */
		A93A952F29CC810C00F8E227 /* Project object */ = {
			isa = PBXProject;
			attributes = {
				LastSwiftUpdateCheck = 1420;
				LastUpgradeCheck = 1420;
				TargetAttributes = {
					A93A953629CC810C00F8E227 = {
						CreatedOnToolsVersion = 14.2;
					};
					C0DF40010000000000000001 = {
						CreatedOnToolsVersion = 26.2;
						TestTargetID = A93A953629CC810C00F8E227;
					};
				};
			};
			buildConfigurationList = A93A953229CC810C00F8E227 /* Build configuration list for PBXProject "iosApp" */;
			compatibilityVersion = "Xcode 14.0";
			developmentRegion = en;
			hasScannedForEncodings = 0;
			knownRegions = (
				en,
				ru,
				Base,
			);
			mainGroup = A93A952E29CC810C00F8E227;
			productRefGroup = A93A953829CC810C00F8E227 /* Products */;
			projectDirPath = "";
			projectRoot = "";
			targets = (
				A93A953629CC810C00F8E227 /* iosApp */,
				C0DF40010000000000000001 /* iosAppTests */,
			);
		};
/* End PBXProject section */

/* Begin PBXResourcesBuildPhase section */
		A93A953529CC810C00F8E227 /* Resources */ = {
			isa = PBXResourcesBuildPhase;
			buildActionMask = 2147483647;
			files = (
				C0DE10180000000000000018 /* Models in Resources */,
				A93A954229CC810D00F8E227 /* Preview Assets.xcassets in Resources */,
				A93A953F29CC810D00F8E227 /* Assets.xcassets in Resources */,
				B1B100012E10000100000001 /* InfoPlist.strings in Resources */,
			);
			runOnlyForDeploymentPostprocessing = 0;
		};
		C0DF50030000000000000003 /* Resources */ = {
			isa = PBXResourcesBuildPhase;
			buildActionMask = 2147483647;
			files = (
				C0DF10020000000000000002 /* cyrillic_e27_clean.png in Resources */,
			);
			runOnlyForDeploymentPostprocessing = 0;
		};
/* End PBXResourcesBuildPhase section */

/* Begin PBXShellScriptBuildPhase section */
		A45F0C67A19F9118B9B5375E /* [CP] Copy Pods Resources */ = {
			isa = PBXShellScriptBuildPhase;
			buildActionMask = 2147483647;
			files = (
			);
			inputFileListPaths = (
				"${PODS_ROOT}/Target Support Files/Pods-iosApp/Pods-iosApp-resources-${CONFIGURATION}-input-files.xcfilelist",
			);
			name = "[CP] Copy Pods Resources";
			outputFileListPaths = (
				"${PODS_ROOT}/Target Support Files/Pods-iosApp/Pods-iosApp-resources-${CONFIGURATION}-output-files.xcfilelist",
			);
			runOnlyForDeploymentPostprocessing = 0;
			shellPath = /bin/sh;
			shellScript = "\"${PODS_ROOT}/Target Support Files/Pods-iosApp/Pods-iosApp-resources.sh\"\n";
			showEnvVarsInLog = 0;
		};
		A9D80A052AAB5CDE006C8738 /* ShellScript */ = {
			isa = PBXShellScriptBuildPhase;
			buildActionMask = 2147483647;
			files = (
			);
			inputFileListPaths = (
			);
			inputPaths = (
			);
			outputFileListPaths = (
			);
			outputPaths = (
			);
			runOnlyForDeploymentPostprocessing = 0;
			shellPath = /bin/sh;
			shellScript = "if [ \"$PLATFORM_NAME\" = \"iphonesimulator\" ] && [ \"$ARCHS\" = \"x86_64\" ]; then\n  echo \"Compose Multiplatform 1.11.1 has no iosX64 artifact; using Swift-only Intel Simulator host.\"\n  exit 0\nfi\n\ncd \"$SRCROOT/..\"\n\n# CocoaPods excludes arm64 simulator slices on Intel hosts. This branch exists\n# only to type-check the real Swift/Kotlin bridge while developing on Intel.\nif [ \"$PLATFORM_NAME\" = \"iphonesimulator\" ] && [ \"$ARCHS\" = \"arm64\" ] && [ \"$NATIVE_ARCH_ACTUAL\" = \"x86_64\" ]; then\n  if [ \"$CONFIGURATION\" = \"Release\" ]; then\n    ./gradlew :shared:compose:linkReleaseFrameworkIosSimulatorArm64\n    /usr/bin/ditto \"$SRCROOT/../shared/compose/build/bin/iosSimulatorArm64/releaseFramework/compose.framework\" \"$TARGET_BUILD_DIR/compose.framework\"\n  else\n    ./gradlew :shared:compose:linkDebugFrameworkIosSimulatorArm64\n    /usr/bin/ditto \"$SRCROOT/../shared/compose/build/bin/iosSimulatorArm64/debugFramework/compose.framework\" \"$TARGET_BUILD_DIR/compose.framework\"\n  fi\n  exit 0\nfi\n\n./gradlew :shared:compose:embedAndSignAppleFrameworkForXcode\n";
		};
		B1B230012E20000100000001 /* Upload Crashlytics Symbols */ = {
			isa = PBXShellScriptBuildPhase;
			buildActionMask = 2147483647;
			files = (
			);
			inputFileListPaths = (
			);
			inputPaths = (
				"${PODS_ROOT}/FirebaseCrashlytics/run",
				"${DWARF_DSYM_FOLDER_PATH}/${DWARF_DSYM_FILE_NAME}",
				"${DWARF_DSYM_FOLDER_PATH}/${DWARF_DSYM_FILE_NAME}/Contents/Resources/DWARF/${PRODUCT_NAME}",
				"${DWARF_DSYM_FOLDER_PATH}/${DWARF_DSYM_FILE_NAME}/Contents/Info.plist",
				"$(TARGET_BUILD_DIR)/$(UNLOCALIZED_RESOURCES_FOLDER_PATH)/GoogleService-Info.plist",
				"$(TARGET_BUILD_DIR)/$(EXECUTABLE_PATH)",
			);
			name = "Upload Crashlytics Symbols";
			outputFileListPaths = (
			);
			outputPaths = (
			);
			runOnlyForDeploymentPostprocessing = 0;
			shellPath = /bin/sh;
			shellScript = "if [ \"${CONFIGURATION}\" != \"Release\" ]; then\n  exit 0\nfi\nif [ ! -f \"${TARGET_BUILD_DIR}/${UNLOCALIZED_RESOURCES_FOLDER_PATH}/GoogleService-Info.plist\" ]; then\n  echo \"error: Release Crashlytics requires GoogleService-Info.plist in iosApp target membership.\" >&2\n  exit 1\nfi\n\"${PODS_ROOT}/FirebaseCrashlytics/run\"\n";
			showEnvVarsInLog = 0;
		};
		DE2333FC86CF05EF566A9D00 /* [CP] Check Pods Manifest.lock */ = {
			isa = PBXShellScriptBuildPhase;
			buildActionMask = 2147483647;
			files = (
			);
			inputFileListPaths = (
			);
			inputPaths = (
				"${PODS_PODFILE_DIR_PATH}/Podfile.lock",
				"${PODS_ROOT}/Manifest.lock",
			);
			name = "[CP] Check Pods Manifest.lock";
			outputFileListPaths = (
			);
			outputPaths = (
				"$(DERIVED_FILE_DIR)/Pods-iosApp-checkManifestLockResult.txt",
			);
			runOnlyForDeploymentPostprocessing = 0;
			shellPath = /bin/sh;
			shellScript = "diff \"${PODS_PODFILE_DIR_PATH}/Podfile.lock\" \"${PODS_ROOT}/Manifest.lock\" > /dev/null\nif [ $? != 0 ] ; then\n    # print error to STDERR\n    echo \"error: The sandbox is not in sync with the Podfile.lock. Run 'pod install' or update your CocoaPods installation.\" >&2\n    exit 1\nfi\n# This output is used by Xcode 'outputs' to avoid re-running this script phase.\necho \"SUCCESS\" > \"${SCRIPT_OUTPUT_FILE_0}\"\n";
			showEnvVarsInLog = 0;
		};
/* End PBXShellScriptBuildPhase section */

/* Begin PBXSourcesBuildPhase section */
		A93A953329CC810C00F8E227 /* Sources */ = {
			isa = PBXSourcesBuildPhase;
			buildActionMask = 2147483647;
			files = (
				C0DE10010000000000000001 /* BoxSorter.swift in Sources */,
				C0DE10020000000000000002 /* CTCDecoder.swift in Sources */,
				C0DE10030000000000000003 /* DBPostProcess.swift in Sources */,
				C0DE10040000000000000004 /* DetectionEngine.swift in Sources */,
				C0DE10050000000000000005 /* InferenceConfig.swift in Sources */,
				C0DE10060000000000000006 /* ModelConfig.swift in Sources */,
				C0DE10070000000000000007 /* OCREngine.swift in Sources */,
				C0DE10080000000000000008 /* OCRParameterResolver.swift in Sources */,
				C0DE10090000000000000009 /* ORTSessionManager.swift in Sources */,
				C0DE10100000000000000010 /* Preprocessing.swift in Sources */,
				C0DE10110000000000000011 /* QuadTextCrop.swift in Sources */,
				C0DE10120000000000000012 /* RecognitionEngine.swift in Sources */,
				C0DE10130000000000000013 /* RecPreprocessor.swift in Sources */,
				C0DE10140000000000000014 /* OpenCVDBBridge.mm in Sources */,
				C0DE10150000000000000015 /* OpenCVImageBridge.mm in Sources */,
				C0DE10160000000000000016 /* PDBPolygonOffsetBridge.mm in Sources */,
				C0DE10170000000000000017 /* clipper.cpp in Sources */,
				B1B210012E20000100000001 /* IOSImageSourceHost.swift in Sources */,
				B1B210022E20000100000001 /* IOSTextRecognitionHost.swift in Sources */,
				B1B210032E20000100000001 /* IOSCrashReportingHost.swift in Sources */,
				B1B210042E20000100000001 /* IOSPlatformComposition.swift in Sources */,
				A93A953B29CC810C00F8E227 /* iosApp.swift in Sources */,
			);
			runOnlyForDeploymentPostprocessing = 0;
		};
		C0DF50010000000000000001 /* Sources */ = {
			isa = PBXSourcesBuildPhase;
			buildActionMask = 2147483647;
			files = (
				C0DF10010000000000000001 /* PaddleOCRQualificationTests.swift in Sources */,
			);
			runOnlyForDeploymentPostprocessing = 0;
		};
/* End PBXSourcesBuildPhase section */

/* Begin PBXTargetDependency section */
		C0DF30020000000000000002 /* PBXTargetDependency */ = {
			isa = PBXTargetDependency;
			target = A93A953629CC810C00F8E227 /* iosApp */;
			targetProxy = C0DF30010000000000000001 /* PBXContainerItemProxy */;
		};
/* End PBXTargetDependency section */

/* Begin PBXVariantGroup section */
		B1B100042E10000100000001 /* InfoPlist.strings */ = {
			isa = PBXVariantGroup;
			children = (
				B1B100022E10000100000001 /* en */,
				B1B100032E10000100000001 /* ru */,
			);
			name = InfoPlist.strings;
			sourceTree = "<group>";
		};
/* End PBXVariantGroup section */

/* Begin XCBuildConfiguration section */
		A93A954329CC810D00F8E227 /* Debug */ = {
			isa = XCBuildConfiguration;
			buildSettings = {
				ALWAYS_SEARCH_USER_PATHS = NO;
				CLANG_ANALYZER_NONNULL = YES;
				CLANG_ANALYZER_NUMBER_OBJECT_CONVERSION = YES_AGGRESSIVE;
				CLANG_CXX_LANGUAGE_STANDARD = "gnu++20";
				CLANG_ENABLE_MODULES = YES;
				CLANG_ENABLE_OBJC_ARC = YES;
				CLANG_ENABLE_OBJC_WEAK = YES;
				CLANG_WARN_BLOCK_CAPTURE_AUTORELEASING = YES;
				CLANG_WARN_BOOL_CONVERSION = YES;
				CLANG_WARN_COMMA = YES;
				CLANG_WARN_CONSTANT_CONVERSION = YES;
				CLANG_WARN_DEPRECATED_OBJC_IMPLEMENTATIONS = YES;
				CLANG_WARN_DIRECT_OBJC_ISA_USAGE = YES_ERROR;
				CLANG_WARN_DOCUMENTATION_COMMENTS = YES;
				CLANG_WARN_EMPTY_BODY = YES;
				CLANG_WARN_ENUM_CONVERSION = YES;
				CLANG_WARN_INFINITE_RECURSION = YES;
				CLANG_WARN_INT_CONVERSION = YES;
				CLANG_WARN_NON_LITERAL_NULL_CONVERSION = YES;
				CLANG_WARN_OBJC_IMPLICIT_RETAIN_SELF = YES;
				CLANG_WARN_OBJC_LITERAL_CONVERSION = YES;
				CLANG_WARN_OBJC_ROOT_CLASS = YES_ERROR;
				CLANG_WARN_QUOTED_INCLUDE_IN_FRAMEWORK_HEADER = YES;
				CLANG_WARN_RANGE_LOOP_ANALYSIS = YES;
				CLANG_WARN_STRICT_PROTOTYPES = YES;
				CLANG_WARN_SUSPICIOUS_MOVE = YES;
				CLANG_WARN_UNGUARDED_AVAILABILITY = YES_AGGRESSIVE;
				CLANG_WARN_UNREACHABLE_CODE = YES;
				CLANG_WARN__DUPLICATE_METHOD_MATCH = YES;
				COPY_PHASE_STRIP = NO;
				DEBUG_INFORMATION_FORMAT = "dwarf-with-dsym";
				ENABLE_STRICT_OBJC_MSGSEND = YES;
				ENABLE_TESTABILITY = YES;
				GCC_C_LANGUAGE_STANDARD = gnu11;
				GCC_DYNAMIC_NO_PIC = NO;
				GCC_NO_COMMON_BLOCKS = YES;
				GCC_OPTIMIZATION_LEVEL = 0;
				GCC_PREPROCESSOR_DEFINITIONS = (
					"DEBUG=1",
					"$(inherited)",
				);
				GCC_WARN_64_TO_32_BIT_CONVERSION = YES;
				GCC_WARN_ABOUT_RETURN_TYPE = YES_ERROR;
				GCC_WARN_UNDECLARED_SELECTOR = YES;
				GCC_WARN_UNINITIALIZED_AUTOS = YES_AGGRESSIVE;
				GCC_WARN_UNUSED_FUNCTION = YES;
				GCC_WARN_UNUSED_VARIABLE = YES;
				IPHONEOS_DEPLOYMENT_TARGET = 16.2;
				MTL_ENABLE_DEBUG_INFO = INCLUDE_SOURCE;
				MTL_FAST_MATH = YES;
				ONLY_ACTIVE_ARCH = YES;
				SDKROOT = iphoneos;
				SWIFT_ACTIVE_COMPILATION_CONDITIONS = DEBUG;
				SWIFT_OPTIMIZATION_LEVEL = "-Onone";
			};
			name = Debug;
		};
		A93A954429CC810D00F8E227 /* Release */ = {
			isa = XCBuildConfiguration;
			buildSettings = {
				ALWAYS_SEARCH_USER_PATHS = NO;
				CLANG_ANALYZER_NONNULL = YES;
				CLANG_ANALYZER_NUMBER_OBJECT_CONVERSION = YES_AGGRESSIVE;
				CLANG_CXX_LANGUAGE_STANDARD = "gnu++20";
				CLANG_ENABLE_MODULES = YES;
				CLANG_ENABLE_OBJC_ARC = YES;
				CLANG_ENABLE_OBJC_WEAK = YES;
				CLANG_WARN_BLOCK_CAPTURE_AUTORELEASING = YES;
				CLANG_WARN_BOOL_CONVERSION = YES;
				CLANG_WARN_COMMA = YES;
				CLANG_WARN_CONSTANT_CONVERSION = YES;
				CLANG_WARN_DEPRECATED_OBJC_IMPLEMENTATIONS = YES;
				CLANG_WARN_DIRECT_OBJC_ISA_USAGE = YES_ERROR;
				CLANG_WARN_DOCUMENTATION_COMMENTS = YES;
				CLANG_WARN_EMPTY_BODY = YES;
				CLANG_WARN_ENUM_CONVERSION = YES;
				CLANG_WARN_INFINITE_RECURSION = YES;
				CLANG_WARN_INT_CONVERSION = YES;
				CLANG_WARN_NON_LITERAL_NULL_CONVERSION = YES;
				CLANG_WARN_OBJC_IMPLICIT_RETAIN_SELF = YES;
				CLANG_WARN_OBJC_LITERAL_CONVERSION = YES;
				CLANG_WARN_OBJC_ROOT_CLASS = YES_ERROR;
				CLANG_WARN_QUOTED_INCLUDE_IN_FRAMEWORK_HEADER = YES;
				CLANG_WARN_RANGE_LOOP_ANALYSIS = YES;
				CLANG_WARN_STRICT_PROTOTYPES = YES;
				CLANG_WARN_SUSPICIOUS_MOVE = YES;
				CLANG_WARN_UNGUARDED_AVAILABILITY = YES_AGGRESSIVE;
				CLANG_WARN_UNREACHABLE_CODE = YES;
				CLANG_WARN__DUPLICATE_METHOD_MATCH = YES;
				COPY_PHASE_STRIP = NO;
				DEBUG_INFORMATION_FORMAT = "dwarf-with-dsym";
				ENABLE_NS_ASSERTIONS = NO;
				ENABLE_STRICT_OBJC_MSGSEND = YES;
				GCC_C_LANGUAGE_STANDARD = gnu11;
				GCC_NO_COMMON_BLOCKS = YES;
				GCC_WARN_64_TO_32_BIT_CONVERSION = YES;
				GCC_WARN_ABOUT_RETURN_TYPE = YES_ERROR;
				GCC_WARN_UNDECLARED_SELECTOR = YES;
				GCC_WARN_UNINITIALIZED_AUTOS = YES_AGGRESSIVE;
				GCC_WARN_UNUSED_FUNCTION = YES;
				GCC_WARN_UNUSED_VARIABLE = YES;
				IPHONEOS_DEPLOYMENT_TARGET = 16.2;
				MTL_ENABLE_DEBUG_INFO = NO;
				MTL_FAST_MATH = YES;
				SDKROOT = iphoneos;
				SWIFT_COMPILATION_MODE = wholemodule;
				SWIFT_OPTIMIZATION_LEVEL = "-O";
				VALIDATE_PRODUCT = YES;
			};
			name = Release;
		};
		A93A954629CC810D00F8E227 /* Debug */ = {
			isa = XCBuildConfiguration;
			baseConfigurationReference = EE96BD75839DDF64CF3419E0 /* Pods-iosApp.debug.xcconfig */;
			buildSettings = {
				ASSETCATALOG_COMPILER_APPICON_NAME = AppIcon;
				ASSETCATALOG_COMPILER_GLOBAL_ACCENT_COLOR_NAME = AccentColor;
				CODE_SIGN_STYLE = Automatic;
				CURRENT_PROJECT_VERSION = 1;
				DEVELOPMENT_ASSET_PATHS = "\"iosApp/Preview Content\"";
				ENABLE_PREVIEWS = YES;
				GENERATE_INFOPLIST_FILE = YES;
				INFOPLIST_FILE = iosApp/Info.plist;
				INFOPLIST_KEY_UILaunchScreen_Generation = YES;
				LD_RUNPATH_SEARCH_PATHS = (
					"$(inherited)",
					"@executable_path/Frameworks",
				);
				MARKETING_VERSION = 1.0;
				PRODUCT_BUNDLE_IDENTIFIER = com.sedsoftware.bulbmatch.iosApp;
				PRODUCT_NAME = BulbMatch;
				SWIFT_EMIT_LOC_STRINGS = YES;
				SWIFT_OBJC_BRIDGING_HEADER = "iosApp/platform/PaddleOCR/BulbMatch-PaddleOCR-Bridging-Header.h";
				SWIFT_VERSION = 5.0;
				TARGETED_DEVICE_FAMILY = "1,2";
			};
			name = Debug;
		};
		A93A954729CC810D00F8E227 /* Release */ = {
			isa = XCBuildConfiguration;
			baseConfigurationReference = E88F3598A2FFB5A59560A11B /* Pods-iosApp.release.xcconfig */;
			buildSettings = {
				ASSETCATALOG_COMPILER_APPICON_NAME = AppIcon;
				ASSETCATALOG_COMPILER_GLOBAL_ACCENT_COLOR_NAME = AccentColor;
				CODE_SIGN_STYLE = Automatic;
				CURRENT_PROJECT_VERSION = 1;
				DEVELOPMENT_ASSET_PATHS = "\"iosApp/Preview Content\"";
				ENABLE_PREVIEWS = YES;
				GENERATE_INFOPLIST_FILE = YES;
				INFOPLIST_FILE = iosApp/Info.plist;
				INFOPLIST_KEY_UILaunchScreen_Generation = YES;
				LD_RUNPATH_SEARCH_PATHS = (
					"$(inherited)",
					"@executable_path/Frameworks",
				);
				MARKETING_VERSION = 1.0;
				PRODUCT_BUNDLE_IDENTIFIER = com.sedsoftware.bulbmatch.iosApp;
				PRODUCT_NAME = BulbMatch;
				SWIFT_EMIT_LOC_STRINGS = YES;
				SWIFT_OBJC_BRIDGING_HEADER = "iosApp/platform/PaddleOCR/BulbMatch-PaddleOCR-Bridging-Header.h";
				SWIFT_VERSION = 5.0;
				TARGETED_DEVICE_FAMILY = "1,2";
			};
			name = Release;
		};
		C0DF60010000000000000001 /* Debug */ = {
			isa = XCBuildConfiguration;
			buildSettings = {
				BUNDLE_LOADER = "$(TEST_HOST)";
				CODE_SIGN_STYLE = Automatic;
				CURRENT_PROJECT_VERSION = 1;
				GENERATE_INFOPLIST_FILE = YES;
				IPHONEOS_DEPLOYMENT_TARGET = 16.2;
				MARKETING_VERSION = 1.0;
				PRODUCT_BUNDLE_IDENTIFIER = com.sedsoftware.bulbmatch.iosAppTests;
				PRODUCT_NAME = "$(TARGET_NAME)";
				SWIFT_EMIT_LOC_STRINGS = NO;
				SWIFT_VERSION = 5.0;
				TEST_HOST = "$(BUILT_PRODUCTS_DIR)/BulbMatch.app/$(BUNDLE_EXECUTABLE_FOLDER_PATH)/BulbMatch";
			};
			name = Debug;
		};
		C0DF60020000000000000002 /* Release */ = {
			isa = XCBuildConfiguration;
			buildSettings = {
				BUNDLE_LOADER = "$(TEST_HOST)";
				CODE_SIGN_STYLE = Automatic;
				CURRENT_PROJECT_VERSION = 1;
				GENERATE_INFOPLIST_FILE = YES;
				IPHONEOS_DEPLOYMENT_TARGET = 16.2;
				MARKETING_VERSION = 1.0;
				PRODUCT_BUNDLE_IDENTIFIER = com.sedsoftware.bulbmatch.iosAppTests;
				PRODUCT_NAME = "$(TARGET_NAME)";
				SWIFT_EMIT_LOC_STRINGS = NO;
				SWIFT_VERSION = 5.0;
				TEST_HOST = "$(BUILT_PRODUCTS_DIR)/BulbMatch.app/$(BUNDLE_EXECUTABLE_FOLDER_PATH)/BulbMatch";
			};
			name = Release;
		};
/* End XCBuildConfiguration section */

/* Begin XCConfigurationList section */
		A93A953229CC810C00F8E227 /* Build configuration list for PBXProject "iosApp" */ = {
			isa = XCConfigurationList;
			buildConfigurations = (
				A93A954329CC810D00F8E227 /* Debug */,
				A93A954429CC810D00F8E227 /* Release */,
			);
			defaultConfigurationIsVisible = 0;
			defaultConfigurationName = Release;
		};
		A93A954529CC810D00F8E227 /* Build configuration list for PBXNativeTarget "iosApp" */ = {
			isa = XCConfigurationList;
			buildConfigurations = (
				A93A954629CC810D00F8E227 /* Debug */,
				A93A954729CC810D00F8E227 /* Release */,
			);
			defaultConfigurationIsVisible = 0;
			defaultConfigurationName = Release;
		};
		C0DF70010000000000000001 /* Build configuration list for PBXNativeTarget "iosAppTests" */ = {
			isa = XCConfigurationList;
			buildConfigurations = (
				C0DF60010000000000000001 /* Debug */,
				C0DF60020000000000000002 /* Release */,
			);
			defaultConfigurationIsVisible = 0;
			defaultConfigurationName = Release;
		};
/* End XCConfigurationList section */
	};
	rootObject = A93A952F29CC810C00F8E227 /* Project object */;
}
